
Microsoft Visual Studio Solution File, Format Version 12.00
# Visual Studio Version 16
VisualStudioVersion = 16.0.30709.64
MinimumVisualStudioVersion = 10.0.40219.1
Project("{9A19103F-16F7-4668-BE54-9A1E7A4F7556}") = "Day1", "Day1\Day1.csproj", "{622637F2-FE01-47F1-A706-FED078442152}"
EndProject
Project("{9A19103F-16F7-4668-BE54-9A1E7A4F7556}") = "Day2", "Day2\Day2.csproj", "{BD5B5658-FAA9-4290-BF1B-7856ACB8894F}"
EndProject
Project("{9A19103F-16F7-4668-BE54-9A1E7A4F7556}") = "Day3", "Day3\Day3.csproj", "{F58ACD26-3D44-4748-AE64-EC83E6F46A5C}"
EndProject
Project("{9A19103F-16F7-4668-BE54-9A1E7A4F7556}") = "Day4", "Day4\Day4.csproj", "{65621A18-5410-49AA-9182-74298C59A02E}"
EndProject
Project("{9A19103F-16F7-4668-BE54-9A1E7A4F7556}") = "Day5", "Day5\Day5.csproj", "{FCBA58FD-1DC4-4942-AC3A-6CAE2163B728}"
EndProject
Project("{9A19103F-16F7-4668-BE54-9A1E7A4F7556}") = "Day6", "Day6\Day6.csproj", "{F2C577FE-C34F-4CE2-9C25-4E5F5CA49647}"
EndProject
Project("{9A19103F-16F7-4668-BE54-9A1E7A4F7556}") = "Day7", "Day7\Day7.csproj", "{44D1E471-7F8D-4966-B90F-7D9B1D11EE8B}"
EndProject
Project("{9A19103F-16F7-4668-BE54-9A1E7A4F7556}") = "Day8", "Day8\Day8.csproj", "{93CF03F7-4CAE-4E60-9BAF-277CD3120F8A}"
EndProject
Project("{9A19103F-16F7-4668-BE54-9A1E7A4F7556}") = "Day9", "Day9\Day9.csproj", "{0038DA06-8371-46C9-8D14-8558DBEAD9A3}"
EndProject
Project("{9A19103F-16F7-4668-BE54-9A1E7A4F7556}") = "Day10", "Day10\Day10.csproj", "{23CF9363-EFBE-4CF1-8501-1BA26D162F9A}"
EndProject
Global
	GlobalSection(SolutionConfigurationPlatforms) = preSolution
		Debug|Any CPU = Debug|Any CPU
		Release|Any CPU = Release|Any CPU
	EndGlobalSection
	GlobalSection(ProjectConfigurationPlatforms) = postSolution
		{622637F2-FE01-47F1-A706-FED078442152}.Debug|Any CPU.ActiveCfg = Debug|Any CPU
		{622637F2-FE01-47F1-A706-FED078442152}.Debug|Any CPU.Build.0 = Debug|Any CPU
		{622637F2-FE01-47F1-A706-FED078442152}.Release|Any CPU.ActiveCfg = Release|Any CPU
		{622637F2-FE01-47F1-A706-FED078442152}.Release|Any CPU.Build.0 = Release|Any CPU
		{BD5B5658-FAA9-4290-BF1B-7856ACB8894F}.Debug|Any CPU.ActiveCfg = Debug|Any CPU
		{BD5B5658-FAA9-4290-BF1B-7856ACB8894F}.Debug|Any CPU.Build.0 = Debug|Any CPU
		{BD5B5658-FAA9-4290-BF1B-7856ACB8894F}.Release|Any CPU.ActiveCfg = Release|Any CPU
		{BD5B5658-FAA9-4290-BF1B-7856ACB8894F}.Release|Any CPU.Build.0 = Release|Any CPU
		{F58ACD26-3D44-4748-AE64-EC83E6F46A5C}.Debug|Any CPU.ActiveCfg = Debug|Any CPU
		{F58ACD26-3D44-4748-AE64-EC83E6F46A5C}.Debug|Any CPU.Build.0 = Debug|Any CPU
		{F58ACD26-3D44-4748-AE64-EC83E6F46A5C}.Release|Any CPU.ActiveCfg = Release|Any CPU
		{F58ACD26-3D44-4748-AE64-EC83E6F46A5C}.Release|Any CPU.Build.0 = Release|Any CPU
		{65621A18-5410-49AA-9182-74298C59A02E}.Debug|Any CPU.ActiveCfg = Debug|Any CPU
		{65621A18-5410-49AA-9182-74298C59A02E}.Debug|Any CPU.Build.0 = Debug|Any CPU
		{65621A18-5410-49AA-9182-74298C59A02E}.Release|Any CPU.ActiveCfg = Release|Any CPU
		{65621A18-5410-49AA-9182-74298C59A02E}.Release|Any CPU.Build.0 = Release|Any CPU
		{FCBA58FD-1DC4-4942-AC3A-6CAE2163B728}.Debug|Any CPU.ActiveCfg = Debug|Any CPU
		{FCBA58FD-1DC4-4942-AC3A-6CAE2163B728}.Debug|Any CPU.Build.0 = Debug|Any CPU
		{FCBA58FD-1DC4-4942-AC3A-6CAE2163B728}.Release|Any CPU.ActiveCfg = Release|Any CPU
		{FCBA58FD-1DC4-4942-AC3A-6CAE2163B728}.Release|Any CPU.Build.0 = Release|Any CPU
		{F2C577FE-C34F-4CE2-9C25-4E5F5CA49647}.Debug|Any CPU.ActiveCfg = Debug|Any CPU
		{F2C577FE-C34F-4CE2-9C25-4E5F5CA49647}.Debug|Any CPU.Build.0 = Debug|Any CPU
		{F2C577FE-C34F-4CE2-9C25-4E5F5CA49647}.Release|Any CPU.ActiveCfg = Release|Any CPU
		{F2C577FE-C34F-4CE2-9C25-4E5F5CA49647}.Release|Any CPU.Build.0 = Release|Any CPU
		{44D1E471-7F8D-4966-B90F-7D9B1D11EE8B}.Debug|Any CPU.ActiveCfg = Debug|Any CPU
		{44D1E471-7F8D-4966-B90F-7D9B1D11EE8B}.Debug|Any CPU.Build.0 = Debug|Any CPU
		{44D1E471-7F8D-4966-B90F-7D9B1D11EE8B}.Release|Any CPU.ActiveCfg = Release|Any CPU
		{44D1E471-7F8D-4966-B90F-7D9B1D11EE8B}.Release|Any CPU.Build.0 = Release|Any CPU
		{93CF03F7-4CAE-4E60-9BAF-277CD3120F8A}.Debug|Any CPU.ActiveCfg = Debug|Any CPU
		{93CF03F7-4CAE-4E60-9BAF-277CD3120F8A}.Debug|Any CPU.Build.0 = Debug|Any CPU
		{93CF03F7-4CAE-4E60-9BAF-277CD3120F8A}.Release|Any CPU.ActiveCfg = Release|Any CPU
		{93CF03F7-4CAE-4E60-9BAF-277CD3120F8A}.Release|Any CPU.Build.0 = Release|Any CPU
		{0038DA06-8371-46C9-8D14-8558DBEAD9A3}.Debug|Any CPU.ActiveCfg = Debug|Any CPU
		{0038DA06-8371-46C9-8D14-8558DBEAD9A3}.Debug|Any CPU.Build.0 = Debug|Any CPU
		{0038DA06-8371-46C9-8D14-8558DBEAD9A3}.Release|Any CPU.ActiveCfg = Release|Any CPU
		{0038DA06-8371-46C9-8D14-8558DBEAD9A3}.Release|Any CPU.Build.0 = Release|Any CPU
		{23CF9363-EFBE-4CF1-8501-1BA26D162F9A}.Debug|Any CPU.ActiveCfg = Debug|Any CPU
		{23CF9363-EFBE-4CF1-8501-1BA26D162F9A}.Debug|Any CPU.Build.0 = Debug|Any CPU
		{23CF9363-EFBE-4CF1-8501-1BA26D162F9A}.Release|Any CPU.ActiveCfg = Release|Any CPU
		{23CF9363-EFBE-4CF1-8501-1BA26D162F9A}.Release|Any CPU.Build.0 = Release|Any CPU
	EndGlobalSection
	GlobalSection(SolutionProperties) = preSolution
		HideSolutionNode = FALSE
	EndGlobalSection
	GlobalSection(ExtensibilityGlobals) = postSolution
		SolutionGuid = {8EA1F4B7-12C6-4091-B3AC-E69DE915442E}
	EndGlobalSection
EndGlobal
